
Microsoft Visual Studio Solution File, Format Version 12.00
# Visual Studio Version 17
VisualStudioVersion = 17.9.34728.123
MinimumVisualStudioVersion = 10.0.40219.1
Project("{FAE04EC0-301F-11D3-BF4B-00C04F79EFBC}") = "FastestContainsMethod", "FastestContainsMethod\FastestContainsMethod.csproj", "{CA9848FE-7461-4527-AD7E-EA8F7FB71ECE}"
EndProject
Global
	GlobalSection(SolutionConfigurationPlatforms) = preSolution
		Debug|Any CPU = Debug|Any CPU
		Release|Any CPU = Release|Any CPU
	EndGlobalSection
	GlobalSection(ProjectConfigurationPlatforms) = postSolution
		{CA9848FE-7461-4527-AD7E-EA8F7FB71ECE}.Debug|Any CPU.ActiveCfg = Debug|Any CPU
		{CA9848FE-7461-4527-AD7E-EA8F7FB71ECE}.Debug|Any CPU.Build.0 = Debug|Any CPU
		{CA9848FE-7461-4527-AD7E-EA8F7FB71ECE}.Release|Any CPU.ActiveCfg = Release|Any CPU
		{CA9848FE-7461-4527-AD7E-EA8F7FB71ECE}.Release|Any CPU.Build.0 = Release|Any CPU
	EndGlobalSection
	GlobalSection(SolutionProperties) = preSolution
		HideSolutionNode = FALSE
	EndGlobalSection
	GlobalSection(ExtensibilityGlobals) = postSolution
		SolutionGuid = {79AE75C2-2266-4375-8B58-94F71B994E32}
	EndGlobalSection
EndGlobal
